// !$*UTF8*$!
{
	archiveVersion = 1;
	classes = {
	};
	objectVersion = 46;
	objects = {

/* Begin PBXBuildFile section */
		A16ECB6A1BCA9EB500BB13E7 /* AppDelegate.swift in Sources */ = {isa = PBXBuildFile; fileRef = A16ECB691BCA9EB500BB13E7 /* AppDelegate.swift */; };
		A16ECB6C1BCA9EB500BB13E7 /* ViewController.swift in Sources */ = {isa = PBXBuildFile; fileRef = A16ECB6B1BCA9EB500BB13E7 /* ViewController.swift */; };
		A16ECB6F1BCA9EB500BB13E7 /* Main.storyboard in Resources */ = {isa = PBXBuildFile; fileRef = A16ECB6D1BCA9EB500BB13E7 /* Main.storyboard */; };
		A16ECB711BCA9EB500BB13E7 /* Assets.xcassets in Resources */ = {isa = PBXBuildFile; fileRef = A16ECB701BCA9EB500BB13E7 /* Assets.xcassets */; };
		A16ECB741BCA9EB500BB13E7 /* LaunchScreen.storyboard in Resources */ = {isa = PBXBuildFile; fileRef = A16ECB721BCA9EB500BB13E7 /* LaunchScreen.storyboard */; };
		A16ECB7F1BCA9EB600BB13E7 /* tableViewExampleTests.swift in Sources */ = {isa = PBXBuildFile; fileRef = A16ECB7E1BCA9EB600BB13E7 /* tableViewExampleTests.swift */; };
		A16ECB8A1BCAA40D00BB13E7 /* StaticTableViewController.swift in Sources */ = {isa = PBXBuildFile; fileRef = A16ECB891BCAA40D00BB13E7 /* StaticTableViewController.swift */; settings = {ASSET_TAGS = (); }; };
/* End PBXBuildFile section */

/* Begin PBXContainerItemProxy section */
		A16ECB7B1BCA9EB600BB13E7 /* PBXContainerItemProxy */ = {
			isa = PBXContainerItemProxy;
			containerPortal = A16ECB5E1BCA9EB500BB13E7 /* Project object */;
			proxyType = 1;
			remoteGlobalIDString = A16ECB651BCA9EB500BB13E7;
			remoteInfo = tableViewExample;
		};
/* End PBXContainerItemProxy section */

/* Begin PBXFileReference section */
		A16ECB661BCA9EB500BB13E7 /* tableViewExample.app */ = {isa = PBXFileReference; explicitFileType = wrapper.application; includeInIndex = 0; path = tableViewExample.app; sourceTree = BUILT_PRODUCTS_DIR; };
		A16ECB691BCA9EB500BB13E7 /* AppDelegate.swift */ = {isa = PBXFileReference; lastKnownFileType = sourcecode.swift; path = AppDelegate.swift; sourceTree = "<group>"; };
		A16ECB6B1BCA9EB500BB13E7 /* ViewController.swift */ = {isa = PBXFileReference; lastKnownFileType = sourcecode.swift; path = ViewController.swift; sourceTree = "<group>"; };
		A16ECB6E1BCA9EB500BB13E7 /* Base */ = {isa = PBXFileReference; lastKnownFileType = file.storyboard; name = Base; path = Base.lproj/Main.storyboard; sourceTree = "<group>"; };
		A16ECB701BCA9EB500BB13E7 /* Assets.xcassets */ = {isa = PBXFileReference; lastKnownFileType = folder.assetcatalog; path = Assets.xcassets; sourceTree = "<group>"; };
		A16ECB731BCA9EB500BB13E7 /* Base */ = {isa = PBXFileReference; lastKnownFileType = file.storyboard; name = Base; path = Base.lproj/LaunchScreen.storyboard; sourceTree = "<group>"; };
		A16ECB751BCA9EB500BB13E7 /* Info.plist */ = {isa = PBXFileReference; lastKnownFileType = text.plist.xml; path = Info.plist; sourceTree = "<group>"; };
		A16ECB7A1BCA9EB600BB13E7 /* tableViewExampleTests.xctest */ = {isa = PBXFileReference; explicitFileType = wrapper.cfbundle; includeInIndex = 0; path = tableViewExampleTests.xctest; sourceTree = BUILT_PRODUCTS_DIR; };
		A16ECB7E1BCA9EB600BB13E7 /* tableViewExampleTests.swift */ = {isa = PBXFileReference; lastKnownFileType = sourcecode.swift; path = tableViewExampleTests.swift; sourceTree = "<group>"; };
		A16ECB801BCA9EB600BB13E7 /* Info.plist */ = {isa = PBXFileReference; lastKnownFileType = text.plist.xml; path = Info.plist; sourceTree = "<group>"; };
		A16ECB891BCAA40D00BB13E7 /* StaticTableViewController.swift */ = {isa = PBXFileReference; fileEncoding = 4; lastKnownFileType = sourcecode.swift; path = StaticTableViewController.swift; sourceTree = "<group>"; };
/* End PBXFileReference section */

/* Begin PBXFrameworksBuildPhase section */
		A16ECB631BCA9EB500BB13E7 /* Frameworks */ = {
			isa = PBXFrameworksBuildPhase;
			buildActionMask = 2147483647;
			files = (
			);
			runOnlyForDeploymentPostprocessing = 0;
		};
		A16ECB771BCA9EB600BB13E7 /* Frameworks */ = {
			isa = PBXFrameworksBuildPhase;
			buildActionMask = 2147483647;
			files = (
			);
			runOnlyForDeploymentPostprocessing = 0;
		};
/* End PBXFrameworksBuildPhase section */

/* Begin PBXGroup section */
		A16ECB5D1BCA9EB500BB13E7 = {
			isa = PBXGroup;
			children = (
				A16ECB681BCA9EB500BB13E7 /* tableViewExample */,
				A16ECB7D1BCA9EB600BB13E7 /* tableViewExampleTests */,
				A16ECB671BCA9EB500BB13E7 /* Products */,
			);
			sourceTree = "<group>";
		};
		A16ECB671BCA9EB500BB13E7 /* Products */ = {
			isa = PBXGroup;
			children = (
				A16ECB661BCA9EB500BB13E7 /* tableViewExample.app */,
				A16ECB7A1BCA9EB600BB13E7 /* tableViewExampleTests.xctest */,
			);
			name = Products;
			sourceTree = "<group>";
		};
		A16ECB681BCA9EB500BB13E7 /* tableViewExample */ = {
			isa = PBXGroup;
			children = (
				A16ECB691BCA9EB500BB13E7 /* AppDelegate.swift */,
				A16ECB6B1BCA9EB500BB13E7 /* ViewController.swift */,
				A16ECB891BCAA40D00BB13E7 /* StaticTableViewController.swift */,
				A16ECB6D1BCA9EB500BB13E7 /* Main.storyboard */,
				A16ECB701BCA9EB500BB13E7 /* Assets.xcassets */,
				A16ECB721BCA9EB500BB13E7 /* LaunchScreen.storyboard */,
				A16ECB751BCA9EB500BB13E7 /* Info.plist */,
			);
			path = tableViewExample;
			sourceTree = "<group>";
		};
		A16ECB7D1BCA9EB600BB13E7 /* tableViewExampleTests */ = {
			isa = PBXGroup;
			children = (
				A16ECB7E1BCA9EB600BB13E7 /* tableViewExampleTests.swift */,
				A16ECB801BCA9EB600BB13E7 /* Info.plist */,
			);
			path = tableViewExampleTests;
			sourceTree = "<group>";
		};
/* End PBXGroup section */

/* Begin PBXNativeTarget section */
		A16ECB651BCA9EB500BB13E7 /* tableViewExample */ = {
			isa = PBXNativeTarget;
			buildConfigurationList = A16ECB831BCA9EB600BB13E7 /* Build configuration list for PBXNativeTarget "tableViewExample" */;
			buildPhases = (
				A16ECB621BCA9EB500BB13E7 /* Sources */,
				A16ECB631BCA9EB500BB13E7 /* Frameworks */,
				A16ECB641BCA9EB500BB13E7 /* Resources */,
			);
			buildRules = (
			);
			dependencies = (
			);
			name = tableViewExample;
			productName = tableViewExample;
			productReference = A16ECB661BCA9EB500BB13E7 /* tableViewExample.app */;
			productType = "com.apple.product-type.application";
		};
		A16ECB791BCA9EB600BB13E7 /* tableViewExampleTests */ = {
			isa = PBXNativeTarget;
			buildConfigurationList = A16ECB861BCA9EB600BB13E7 /* Build configuration list for PBXNativeTarget "tableViewExampleTests" */;
			buildPhases = (
				A16ECB761BCA9EB600BB13E7 /* Sources */,
				A16ECB771BCA9EB600BB13E7 /* Frameworks */,
				A16ECB781BCA9EB600BB13E7 /* Resources */,
			);
			buildRules = (
			);
			dependencies = (
				A16ECB7C1BCA9EB600BB13E7 /* PBXTargetDependency */,
			);
			name = tableViewExampleTests;
			productName = tableViewExampleTests;
			productReference = A16ECB7A1BCA9EB600BB13E7 /* tableViewExampleTests.xctest */;
			productType = "com.apple.product-type.bundle.unit-test";
		};
/* End PBXNativeTarget section */

/* Begin PBXProject section */
		A16ECB5E1BCA9EB500BB13E7 /* Project object */ = {
			isa = PBXProject;
			attributes = {
				LastUpgradeCheck = 0700;
				ORGANIZATIONNAME = "Mindaugas Vaiciunas";
				TargetAttributes = {
					A16ECB651BCA9EB500BB13E7 = {
						CreatedOnToolsVersion = 7.0.1;
					};
					A16ECB791BCA9EB600BB13E7 = {
						CreatedOnToolsVersion = 7.0.1;
						TestTargetID = A16ECB651BCA9EB500BB13E7;
					};
				};
			};
			buildConfigurationList = A16ECB611BCA9EB500BB13E7 /* Build configuration list for PBXProject "tableViewExample" */;
			compatibilityVersion = "Xcode 3.2";
			developmentRegion = English;
			hasScannedForEncodings = 0;
			knownRegions = (
				en,
				Base,
			);
			mainGroup = A16ECB5D1BCA9EB500BB13E7;
			productRefGroup = A16ECB671BCA9EB500BB13E7 /* Products */;
			projectDirPath = "";
			projectRoot = "";
			targets = (
				A16ECB651BCA9EB500BB13E7 /* tableViewExample */,
				A16ECB791BCA9EB600BB13E7 /* tableViewExampleTests */,
			);
		};
/* End PBXProject section */

/* Begin PBXResourcesBuildPhase section */
		A16ECB641BCA9EB500BB13E7 /* Resources */ = {
			isa = PBXResourcesBuildPhase;
			buildActionMask = 2147483647;
			files = (
				A16ECB741BCA9EB500BB13E7 /* LaunchScreen.storyboard in Resources */,
				A16ECB711BCA9EB500BB13E7 /* Assets.xcassets in Resources */,
				A16ECB6F1BCA9EB500BB13E7 /* Main.storyboard in Resources */,
			);
			runOnlyForDeploymentPostprocessing = 0;
		};
		A16ECB781BCA9EB600BB13E7 /* Resources */ = {
			isa = PBXResourcesBuildPhase;
			buildActionMask = 2147483647;
			files = (
			);
			runOnlyForDeploymentPostprocessing = 0;
		};
/* End PBXResourcesBuildPhase section */

/* Begin PBXSourcesBuildPhase section */
		A16ECB621BCA9EB500BB13E7 /* Sources */ = {
			isa = PBXSourcesBuildPhase;
			buildActionMask = 2147483647;
			files = (
				A16ECB6C1BCA9EB500BB13E7 /* ViewController.swift in Sources */,
				A16ECB8A1BCAA40D00BB13E7 /* StaticTableViewController.swift in Sources */,
				A16ECB6A1BCA9EB500BB13E7 /* AppDelegate.swift in Sources */,
			);
			runOnlyForDeploymentPostprocessing = 0;
		};
		A16ECB761BCA9EB600BB13E7 /* Sources */ = {
			isa = PBXSourcesBuildPhase;
			buildActionMask = 2147483647;
			files = (
				A16ECB7F1BCA9EB600BB13E7 /* tableViewExampleTests.swift in Sources */,
			);
			runOnlyForDeploymentPostprocessing = 0;
		};
/* End PBXSourcesBuildPhase section */

/* Begin PBXTargetDependency section */
		A16ECB7C1BCA9EB600BB13E7 /* PBXTargetDependency */ = {
			isa = PBXTargetDependency;
			target = A16ECB651BCA9EB500BB13E7 /* tableViewExample */;
			targetProxy = A16ECB7B1BCA9EB600BB13E7 /* PBXContainerItemProxy */;
		};
/* End PBXTargetDependency section */

/* Begin PBXVariantGroup section */
		A16ECB6D1BCA9EB500BB13E7 /* Main.storyboard */ = {
			isa = PBXVariantGroup;
			children = (
				A16ECB6E1BCA9EB500BB13E7 /* Base */,
			);
			name = Main.storyboard;
			sourceTree = "<group>";
		};
		A16ECB721BCA9EB500BB13E7 /* LaunchScreen.storyboard */ = {
			isa = PBXVariantGroup;
			children = (
				A16ECB731BCA9EB500BB13E7 /* Base */,
			);
			name = LaunchScreen.storyboard;
			sourceTree = "<group>";
		};
/* End PBXVariantGroup section */

/* Begin XCBuildConfiguration section */
		A16ECB811BCA9EB600BB13E7 /* Debug */ = {
			isa = XCBuildConfiguration;
			buildSettings = {
				ALWAYS_SEARCH_USER_PATHS = NO;
				CLANG_CXX_LANGUAGE_STANDARD = "gnu++0x";
				CLANG_CXX_LIBRARY = "libc++";
				CLANG_ENABLE_MODULES = YES;
				CLANG_ENABLE_OBJC_ARC = YES;
				CLANG_WARN_BOOL_CONVERSION = YES;
				CLANG_WARN_CONSTANT_CONVERSION = YES;
				CLANG_WARN_DIRECT_OBJC_ISA_USAGE = YES_ERROR;
				CLANG_WARN_EMPTY_BODY = YES;
				CLANG_WARN_ENUM_CONVERSION = YES;
				CLANG_WARN_INT_CONVERSION = YES;
				CLANG_WARN_OBJC_ROOT_CLASS = YES_ERROR;
				CLANG_WARN_UNREACHABLE_CODE = YES;
				CLANG_WARN__DUPLICATE_METHOD_MATCH = YES;
				"CODE_SIGN_IDENTITY[sdk=iphoneos*]" = "iPhone Developer";
				COPY_PHASE_STRIP = NO;
				DEBUG_INFORMATION_FORMAT = dwarf;
				ENABLE_STRICT_OBJC_MSGSEND = YES;
				ENABLE_TESTABILITY = YES;
				GCC_C_LANGUAGE_STANDARD = gnu99;
				GCC_DYNAMIC_NO_PIC = NO;
				GCC_NO_COMMON_BLOCKS = YES;
				GCC_OPTIMIZATION_LEVEL = 0;
				GCC_PREPROCESSOR_DEFINITIONS = (
					"DEBUG=1",
					"$(inherited)",
				);
				GCC_WARN_64_TO_32_BIT_CONVERSION = YES;
				GCC_WARN_ABOUT_RETURN_TYPE = YES_ERROR;
				GCC_WARN_UNDECLARED_SELECTOR = YES;
				GCC_WARN_UNINITIALIZED_AUTOS = YES_AGGRESSIVE;
				GCC_WARN_UNUSED_FUNCTION = YES;
				GCC_WARN_UNUSED_VARIABLE = YES;
				IPHONEOS_DEPLOYMENT_TARGET = 9.0;
				MTL_ENABLE_DEBUG_INFO = YES;
				ONLY_ACTIVE_ARCH = YES;
				SDKROOT = iphoneos;
				SWIFT_OPTIMIZATION_LEVEL = "-Onone";
			};
			name = Debug;
		};
		A16ECB821BCA9EB600BB13E7 /* Release */ = {
			isa = XCBuildConfiguration;
			buildSettings = {
				ALWAYS_SEARCH_USER_PATHS = NO;
				CLANG_CXX_LANGUAGE_STANDARD = "gnu++0x";
				CLANG_CXX_LIBRARY = "libc++";
				CLANG_ENABLE_MODULES = YES;
				CLANG_ENABLE_OBJC_ARC = YES;
				CLANG_WARN_BOOL_CONVERSION = YES;
				CLANG_WARN_CONSTANT_CONVERSION = YES;
				CLANG_WARN_DIRECT_OBJC_ISA_USAGE = YES_ERROR;
				CLANG_WARN_EMPTY_BODY = YES;
				CLANG_WARN_ENUM_CONVERSION = YES;
				CLANG_WARN_INT_CONVERSION = YES;
				CLANG_WARN_OBJC_ROOT_CLASS = YES_ERROR;
				CLANG_WARN_UNREACHABLE_CODE = YES;
				CLANG_WARN__DUPLICATE_METHOD_MATCH = YES;
				"CODE_SIGN_IDENTITY[sdk=iphoneos*]" = "iPhone Developer";
				COPY_PHASE_STRIP = NO;
				DEBUG_INFORMATION_FORMAT = "dwarf-with-dsym";
				ENABLE_NS_ASSERTIONS = NO;
				ENABLE_STRICT_OBJC_MSGSEND = YES;
				GCC_C_LANGUAGE_STANDARD = gnu99;
				GCC_NO_COMMON_BLOCKS = YES;
				GCC_WARN_64_TO_32_BIT_CONVERSION = YES;
				GCC_WARN_ABOUT_RETURN_TYPE = YES_ERROR;
				GCC_WARN_UNDECLARED_SELECTOR = YES;
				GCC_WARN_UNINITIALIZED_AUTOS = YES_AGGRESSIVE;
				GCC_WARN_UNUSED_FUNCTION = YES;
				GCC_WARN_UNUSED_VARIABLE = YES;
				IPHONEOS_DEPLOYMENT_TARGET = 9.0;
				MTL_ENABLE_DEBUG_INFO = NO;
				SDKROOT = iphoneos;
				VALIDATE_PRODUCT = YES;
			};
			name = Release;
		};
		A16ECB841BCA9EB600BB13E7 /* Debug */ = {
			isa = XCBuildConfiguration;
			buildSettings = {
				ASSETCATALOG_COMPILER_APPICON_NAME = AppIcon;
				INFOPLIST_FILE = tableViewExample/Info.plist;
				LD_RUNPATH_SEARCH_PATHS = "$(inherited) @executable_path/Frameworks";
				PRODUCT_BUNDLE_IDENTIFIER = lt.mvaiciunas.tableViewExample;
				PRODUCT_NAME = "$(TARGET_NAME)";
			};
			name = Debug;
		};
		A16ECB851BCA9EB600BB13E7 /* Release */ = {
			isa = XCBuildConfiguration;
			buildSettings = {
				ASSETCATALOG_COMPILER_APPICON_NAME = AppIcon;
				INFOPLIST_FILE = tableViewExample/Info.plist;
				LD_RUNPATH_SEARCH_PATHS = "$(inherited) @executable_path/Frameworks";
				PRODUCT_BUNDLE_IDENTIFIER = lt.mvaiciunas.tableViewExample;
				PRODUCT_NAME = "$(TARGET_NAME)";
			};
			name = Release;
		};
		A16ECB871BCA9EB600BB13E7 /* Debug */ = {
			isa = XCBuildConfiguration;
			buildSettings = {
				BUNDLE_LOADER = "$(TEST_HOST)";
				INFOPLIST_FILE = tableViewExampleTests/Info.plist;
				LD_RUNPATH_SEARCH_PATHS = "$(inherited) @executable_path/Frameworks @loader_path/Frameworks";
				PRODUCT_BUNDLE_IDENTIFIER = lt.mvaiciunas.tableViewExampleTests;
				PRODUCT_NAME = "$(TARGET_NAME)";
				TEST_HOST = "$(BUILT_PRODUCTS_DIR)/tableViewExample.app/tableViewExample";
			};
			name = Debug;
		};
		A16ECB881BCA9EB600BB13E7 /* Release */ = {
			isa = XCBuildConfiguration;
			buildSettings = {
				BUNDLE_LOADER = "$(TEST_HOST)";
				INFOPLIST_FILE = tableViewExampleTests/Info.plist;
				LD_RUNPATH_SEARCH_PATHS = "$(inherited) @executable_path/Frameworks @loader_path/Frameworks";
				PRODUCT_BUNDLE_IDENTIFIER = lt.mvaiciunas.tableViewExampleTests;
				PRODUCT_NAME = "$(TARGET_NAME)";
				TEST_HOST = "$(BUILT_PRODUCTS_DIR)/tableViewExample.app/tableViewExample";
			};
			name = Release;
		};
/* End XCBuildConfiguration section */

/* Begin XCConfigurationList section */
		A16ECB611BCA9EB500BB13E7 /* Build configuration list for PBXProject "tableViewExample" */ = {
			isa = XCConfigurationList;
			buildConfigurations = (
				A16ECB811BCA9EB600BB13E7 /* Debug */,
				A16ECB821BCA9EB600BB13E7 /* Release */,
			);
			defaultConfigurationIsVisible = 0;
			defaultConfigurationName = Release;
		};
		A16ECB831BCA9EB600BB13E7 /* Build configuration list for PBXNativeTarget "tableViewExample" */ = {
			isa = XCConfigurationList;
			buildConfigurations = (
				A16ECB841BCA9EB600BB13E7 /* Debug */,
				A16ECB851BCA9EB600BB13E7 /* Release */,
			);
			defaultConfigurationIsVisible = 0;
		};
		A16ECB861BCA9EB600BB13E7 /* Build configuration list for PBXNativeTarget "tableViewExampleTests" */ = {
			isa = XCConfigurationList;
			buildConfigurations = (
				A16ECB871BCA9EB600BB13E7 /* Debug */,
				A16ECB881BCA9EB600BB13E7 /* Release */,
			);
			defaultConfigurationIsVisible = 0;
		};
/* End XCConfigurationList section */
	};
	rootObject = A16ECB5E1BCA9EB500BB13E7 /* Project object */;
}
